
Microsoft Visual Studio Solution File, Format Version 12.00
# Visual Studio Version 17
VisualStudioVersion = 17.4.33213.308
MinimumVisualStudioVersion = 10.0.40219.1
Project("{FAE04EC0-301F-11D3-BF4B-00C04F79EFBC}") = "DotnetPracticalTask", "DotnetPracticalTask\DotnetPracticalTask.csproj", "{FCB86D4C-DEED-43C4-97FA-E5A17C91794D}"
EndProject
Global
	GlobalSection(SolutionConfigurationPlatforms) = preSolution
		Debug|Any CPU = Debug|Any CPU
		Release|Any CPU = Release|Any CPU
	EndGlobalSection
	GlobalSection(ProjectConfigurationPlatforms) = postSolution
		{FCB86D4C-DEED-43C4-97FA-E5A17C91794D}.Debug|Any CPU.ActiveCfg = Debug|Any CPU
		{FCB86D4C-DEED-43C4-97FA-E5A17C91794D}.Debug|Any CPU.Build.0 = Debug|Any CPU
		{FCB86D4C-DEED-43C4-97FA-E5A17C91794D}.Release|Any CPU.ActiveCfg = Release|Any CPU
		{FCB86D4C-DEED-43C4-97FA-E5A17C91794D}.Release|Any CPU.Build.0 = Release|Any CPU
	EndGlobalSection
	GlobalSection(SolutionProperties) = preSolution
		HideSolutionNode = FALSE
	EndGlobalSection
	GlobalSection(ExtensibilityGlobals) = postSolution
		SolutionGuid = {7CE79731-6813-4394-9AD8-799F4830A57A}
	EndGlobalSection
EndGlobal
